
Microsoft Visual Studio Solution File, Format Version 12.00
# Visual Studio Version 16
VisualStudioVersion = 16.0.30523.141
MinimumVisualStudioVersion = 10.0.40219.1
Project("{FAE04EC0-301F-11D3-BF4B-00C04F79EFBC}") = "Altkom.DotnetCore.Models", "Altkom.DotnetCore.Models\Altkom.DotnetCore.Models.csproj", "{22DAE7CC-2D42-403D-8004-3BE47157EB3C}"
EndProject
Project("{FAE04EC0-301F-11D3-BF4B-00C04F79EFBC}") = "Altkom.DotnetCore.IServices", "Altkom.DotnetCore.IServices\Altkom.DotnetCore.IServices.csproj", "{B10B6009-F2B1-4298-9E4E-CDD065BC2E83}"
EndProject
Project("{FAE04EC0-301F-11D3-BF4B-00C04F79EFBC}") = "Altkom.DotnetCore.FakeServices", "Altkom.DotnetCore.FakeServices\Altkom.DotnetCore.FakeServices.csproj", "{0004FFF0-B491-41AB-8CFE-4D37CA6FB547}"
EndProject
Project("{FAE04EC0-301F-11D3-BF4B-00C04F79EFBC}") = "Altkom.DotnetCore.Fakers", "Altkom.DotnetCore.Fakers\Altkom.DotnetCore.Fakers.csproj", "{D1FFB1A0-C5C3-408C-8C45-14E321096FD0}"
EndProject
Project("{FAE04EC0-301F-11D3-BF4B-00C04F79EFBC}") = "Altkom.DotnetCore.WebApi", "Altkom.DotnetCore.WebApi\Altkom.DotnetCore.WebApi.csproj", "{3C7AE276-F056-4CF8-8011-13CF7ED08C55}"
EndProject
Project("{FAE04EC0-301F-11D3-BF4B-00C04F79EFBC}") = "Altkom.DotnetCore.Api", "Altkom.DotnetCore.Api\Altkom.DotnetCore.Api.csproj", "{2ABF4232-8AED-4E4A-B22A-BEF03B7CC6AA}"
EndProject
Project("{FAE04EC0-301F-11D3-BF4B-00C04F79EFBC}") = "Altkom.DotnetCore.OwinApi", "Altkom.DotnetCore.OwinApi\Altkom.DotnetCore.OwinApi.csproj", "{AD7544B4-46A6-4422-B166-48E62908BFB7}"
EndProject
Project("{FAE04EC0-301F-11D3-BF4B-00C04F79EFBC}") = "Altkom.DotnetCore.SignalR", "Altkom.DotnetCore.SignalR\Altkom.DotnetCore.SignalR.csproj", "{3B4FC175-E39A-4177-AE1D-91F15F814BAC}"
EndProject
Project("{FAE04EC0-301F-11D3-BF4B-00C04F79EFBC}") = "Altkom.DotnetCore.SenderConsoleClient", "Altkom.DotnetCore.SenderConsoleClient\Altkom.DotnetCore.SenderConsoleClient.csproj", "{2F5F34F9-F21B-42FE-BFCA-733AF9FC38A3}"
EndProject
Project("{FAE04EC0-301F-11D3-BF4B-00C04F79EFBC}") = "Altkom.DotnetCore.ReceiverConsoleClient", "Altkom.DotnetCore.ReceiverConsoleClient\Altkom.DotnetCore.ReceiverConsoleClient.csproj", "{E3C42436-F4C3-4D1A-819A-46E5386A833E}"
EndProject
Project("{FAE04EC0-301F-11D3-BF4B-00C04F79EFBC}") = "Altkom.DotnetCore.GrpcService", "Altkom.DotnetCore.GrpcService\Altkom.DotnetCore.GrpcService.csproj", "{E53AEB74-0BB0-4320-90E1-9F83BBCA0FEF}"
EndProject
Project("{FAE04EC0-301F-11D3-BF4B-00C04F79EFBC}") = "Altkom.DotnetCore.GrpcConsoleClient", "Altkom.DotnetCore.GrpcConsoleClient\Altkom.DotnetCore.GrpcConsoleClient.csproj", "{EFC5DAF1-3C69-486A-8162-B282CD73FD47}"
EndProject
Project("{FAE04EC0-301F-11D3-BF4B-00C04F79EFBC}") = "Altkom.DotnetCore.HostedService", "Altkom.DotnetCore.HostedService\Altkom.DotnetCore.HostedService.csproj", "{FEE31F71-4543-495A-B734-60EFC5BBD595}"
EndProject
Project("{FAE04EC0-301F-11D3-BF4B-00C04F79EFBC}") = "Altkom.DotnetCore.WorkerService", "Altkom.DotnetCore.WorkerService\Altkom.DotnetCore.WorkerService.csproj", "{207CA708-2CB3-4DFD-B68B-FAA323C8F433}"
EndProject
Project("{FAE04EC0-301F-11D3-BF4B-00C04F79EFBC}") = "Altkom.DotnetCore.WindowsService", "Altkom.DotnetCore.WindowsService\Altkom.DotnetCore.WindowsService.csproj", "{8E533A4D-BC09-4399-BE68-FA24631793E8}"
EndProject
Project("{FAE04EC0-301F-11D3-BF4B-00C04F79EFBC}") = "Altkom.DotnetCore.DockerWebApi", "Altkom.DotnetCore.DockerWebApi\Altkom.DotnetCore.DockerWebApi.csproj", "{42F48F71-410F-4BEB-92B6-BCE3F6D7D6FF}"
EndProject
Global
	GlobalSection(SolutionConfigurationPlatforms) = preSolution
		Debug|Any CPU = Debug|Any CPU
		Release|Any CPU = Release|Any CPU
	EndGlobalSection
	GlobalSection(ProjectConfigurationPlatforms) = postSolution
		{22DAE7CC-2D42-403D-8004-3BE47157EB3C}.Debug|Any CPU.ActiveCfg = Debug|Any CPU
		{22DAE7CC-2D42-403D-8004-3BE47157EB3C}.Debug|Any CPU.Build.0 = Debug|Any CPU
		{22DAE7CC-2D42-403D-8004-3BE47157EB3C}.Release|Any CPU.ActiveCfg = Release|Any CPU
		{22DAE7CC-2D42-403D-8004-3BE47157EB3C}.Release|Any CPU.Build.0 = Release|Any CPU
		{B10B6009-F2B1-4298-9E4E-CDD065BC2E83}.Debug|Any CPU.ActiveCfg = Debug|Any CPU
		{B10B6009-F2B1-4298-9E4E-CDD065BC2E83}.Debug|Any CPU.Build.0 = Debug|Any CPU
		{B10B6009-F2B1-4298-9E4E-CDD065BC2E83}.Release|Any CPU.ActiveCfg = Release|Any CPU
		{B10B6009-F2B1-4298-9E4E-CDD065BC2E83}.Release|Any CPU.Build.0 = Release|Any CPU
		{0004FFF0-B491-41AB-8CFE-4D37CA6FB547}.Debug|Any CPU.ActiveCfg = Debug|Any CPU
		{0004FFF0-B491-41AB-8CFE-4D37CA6FB547}.Debug|Any CPU.Build.0 = Debug|Any CPU
		{0004FFF0-B491-41AB-8CFE-4D37CA6FB547}.Release|Any CPU.ActiveCfg = Release|Any CPU
		{0004FFF0-B491-41AB-8CFE-4D37CA6FB547}.Release|Any CPU.Build.0 = Release|Any CPU
		{D1FFB1A0-C5C3-408C-8C45-14E321096FD0}.Debug|Any CPU.ActiveCfg = Debug|Any CPU
		{D1FFB1A0-C5C3-408C-8C45-14E321096FD0}.Debug|Any CPU.Build.0 = Debug|Any CPU
		{D1FFB1A0-C5C3-408C-8C45-14E321096FD0}.Release|Any CPU.ActiveCfg = Release|Any CPU
		{D1FFB1A0-C5C3-408C-8C45-14E321096FD0}.Release|Any CPU.Build.0 = Release|Any CPU
		{3C7AE276-F056-4CF8-8011-13CF7ED08C55}.Debug|Any CPU.ActiveCfg = Debug|Any CPU
		{3C7AE276-F056-4CF8-8011-13CF7ED08C55}.Debug|Any CPU.Build.0 = Debug|Any CPU
		{3C7AE276-F056-4CF8-8011-13CF7ED08C55}.Release|Any CPU.ActiveCfg = Release|Any CPU
		{3C7AE276-F056-4CF8-8011-13CF7ED08C55}.Release|Any CPU.Build.0 = Release|Any CPU
		{2ABF4232-8AED-4E4A-B22A-BEF03B7CC6AA}.Debug|Any CPU.ActiveCfg = Debug|Any CPU
		{2ABF4232-8AED-4E4A-B22A-BEF03B7CC6AA}.Debug|Any CPU.Build.0 = Debug|Any CPU
		{2ABF4232-8AED-4E4A-B22A-BEF03B7CC6AA}.Release|Any CPU.ActiveCfg = Release|Any CPU
		{2ABF4232-8AED-4E4A-B22A-BEF03B7CC6AA}.Release|Any CPU.Build.0 = Release|Any CPU
		{AD7544B4-46A6-4422-B166-48E62908BFB7}.Debug|Any CPU.ActiveCfg = Debug|Any CPU
		{AD7544B4-46A6-4422-B166-48E62908BFB7}.Debug|Any CPU.Build.0 = Debug|Any CPU
		{AD7544B4-46A6-4422-B166-48E62908BFB7}.Release|Any CPU.ActiveCfg = Release|Any CPU
		{AD7544B4-46A6-4422-B166-48E62908BFB7}.Release|Any CPU.Build.0 = Release|Any CPU
		{3B4FC175-E39A-4177-AE1D-91F15F814BAC}.Debug|Any CPU.ActiveCfg = Debug|Any CPU
		{3B4FC175-E39A-4177-AE1D-91F15F814BAC}.Debug|Any CPU.Build.0 = Debug|Any CPU
		{3B4FC175-E39A-4177-AE1D-91F15F814BAC}.Release|Any CPU.ActiveCfg = Release|Any CPU
		{3B4FC175-E39A-4177-AE1D-91F15F814BAC}.Release|Any CPU.Build.0 = Release|Any CPU
		{2F5F34F9-F21B-42FE-BFCA-733AF9FC38A3}.Debug|Any CPU.ActiveCfg = Debug|Any CPU
		{2F5F34F9-F21B-42FE-BFCA-733AF9FC38A3}.Debug|Any CPU.Build.0 = Debug|Any CPU
		{2F5F34F9-F21B-42FE-BFCA-733AF9FC38A3}.Release|Any CPU.ActiveCfg = Release|Any CPU
		{2F5F34F9-F21B-42FE-BFCA-733AF9FC38A3}.Release|Any CPU.Build.0 = Release|Any CPU
		{E3C42436-F4C3-4D1A-819A-46E5386A833E}.Debug|Any CPU.ActiveCfg = Debug|Any CPU
		{E3C42436-F4C3-4D1A-819A-46E5386A833E}.Debug|Any CPU.Build.0 = Debug|Any CPU
		{E3C42436-F4C3-4D1A-819A-46E5386A833E}.Release|Any CPU.ActiveCfg = Release|Any CPU
		{E3C42436-F4C3-4D1A-819A-46E5386A833E}.Release|Any CPU.Build.0 = Release|Any CPU
		{E53AEB74-0BB0-4320-90E1-9F83BBCA0FEF}.Debug|Any CPU.ActiveCfg = Debug|Any CPU
		{E53AEB74-0BB0-4320-90E1-9F83BBCA0FEF}.Debug|Any CPU.Build.0 = Debug|Any CPU
		{E53AEB74-0BB0-4320-90E1-9F83BBCA0FEF}.Release|Any CPU.ActiveCfg = Release|Any CPU
		{E53AEB74-0BB0-4320-90E1-9F83BBCA0FEF}.Release|Any CPU.Build.0 = Release|Any CPU
		{EFC5DAF1-3C69-486A-8162-B282CD73FD47}.Debug|Any CPU.ActiveCfg = Debug|Any CPU
		{EFC5DAF1-3C69-486A-8162-B282CD73FD47}.Debug|Any CPU.Build.0 = Debug|Any CPU
		{EFC5DAF1-3C69-486A-8162-B282CD73FD47}.Release|Any CPU.ActiveCfg = Release|Any CPU
		{EFC5DAF1-3C69-486A-8162-B282CD73FD47}.Release|Any CPU.Build.0 = Release|Any CPU
		{FEE31F71-4543-495A-B734-60EFC5BBD595}.Debug|Any CPU.ActiveCfg = Debug|Any CPU
		{FEE31F71-4543-495A-B734-60EFC5BBD595}.Debug|Any CPU.Build.0 = Debug|Any CPU
		{FEE31F71-4543-495A-B734-60EFC5BBD595}.Release|Any CPU.ActiveCfg = Release|Any CPU
		{FEE31F71-4543-495A-B734-60EFC5BBD595}.Release|Any CPU.Build.0 = Release|Any CPU
		{207CA708-2CB3-4DFD-B68B-FAA323C8F433}.Debug|Any CPU.ActiveCfg = Debug|Any CPU
		{207CA708-2CB3-4DFD-B68B-FAA323C8F433}.Debug|Any CPU.Build.0 = Debug|Any CPU
		{207CA708-2CB3-4DFD-B68B-FAA323C8F433}.Release|Any CPU.ActiveCfg = Release|Any CPU
		{207CA708-2CB3-4DFD-B68B-FAA323C8F433}.Release|Any CPU.Build.0 = Release|Any CPU
		{8E533A4D-BC09-4399-BE68-FA24631793E8}.Debug|Any CPU.ActiveCfg = Debug|Any CPU
		{8E533A4D-BC09-4399-BE68-FA24631793E8}.Debug|Any CPU.Build.0 = Debug|Any CPU
		{8E533A4D-BC09-4399-BE68-FA24631793E8}.Release|Any CPU.ActiveCfg = Release|Any CPU
		{8E533A4D-BC09-4399-BE68-FA24631793E8}.Release|Any CPU.Build.0 = Release|Any CPU
		{42F48F71-410F-4BEB-92B6-BCE3F6D7D6FF}.Debug|Any CPU.ActiveCfg = Debug|Any CPU
		{42F48F71-410F-4BEB-92B6-BCE3F6D7D6FF}.Debug|Any CPU.Build.0 = Debug|Any CPU
		{42F48F71-410F-4BEB-92B6-BCE3F6D7D6FF}.Release|Any CPU.ActiveCfg = Release|Any CPU
		{42F48F71-410F-4BEB-92B6-BCE3F6D7D6FF}.Release|Any CPU.Build.0 = Release|Any CPU
	EndGlobalSection
	GlobalSection(SolutionProperties) = preSolution
		HideSolutionNode = FALSE
	EndGlobalSection
	GlobalSection(ExtensibilityGlobals) = postSolution
		SolutionGuid = {6C4293F3-51F3-4363-B701-2B4E2A9C625E}
	EndGlobalSection
EndGlobal
