
Microsoft Visual Studio Solution File, Format Version 12.00
# Visual Studio Version 16
VisualStudioVersion = 16.0.30523.141
MinimumVisualStudioVersion = 10.0.40219.1
Project("{FAE04EC0-301F-11D3-BF4B-00C04F79EFBC}") = "Altkom.DotnetCore.Models", "Altkom.DotnetCore.Models\Altkom.DotnetCore.Models.csproj", "{22DAE7CC-2D42-403D-8004-3BE47157EB3C}"
EndProject
Project("{FAE04EC0-301F-11D3-BF4B-00C04F79EFBC}") = "Altkom.DotnetCore.IServices", "Altkom.DotnetCore.IServices\Altkom.DotnetCore.IServices.csproj", "{B10B6009-F2B1-4298-9E4E-CDD065BC2E83}"
EndProject
Project("{FAE04EC0-301F-11D3-BF4B-00C04F79EFBC}") = "Altkom.DotnetCore.FakeServices", "Altkom.DotnetCore.FakeServices\Altkom.DotnetCore.FakeServices.csproj", "{0004FFF0-B491-41AB-8CFE-4D37CA6FB547}"
EndProject
Project("{FAE04EC0-301F-11D3-BF4B-00C04F79EFBC}") = "Altkom.DotnetCore.Fakers", "Altkom.DotnetCore.Fakers\Altkom.DotnetCore.Fakers.csproj", "{D1FFB1A0-C5C3-408C-8C45-14E321096FD0}"
EndProject
Global
	GlobalSection(SolutionConfigurationPlatforms) = preSolution
		Debug|Any CPU = Debug|Any CPU
		Release|Any CPU = Release|Any CPU
	EndGlobalSection
	GlobalSection(ProjectConfigurationPlatforms) = postSolution
		{22DAE7CC-2D42-403D-8004-3BE47157EB3C}.Debug|Any CPU.ActiveCfg = Debug|Any CPU
		{22DAE7CC-2D42-403D-8004-3BE47157EB3C}.Debug|Any CPU.Build.0 = Debug|Any CPU
		{22DAE7CC-2D42-403D-8004-3BE47157EB3C}.Release|Any CPU.ActiveCfg = Release|Any CPU
		{22DAE7CC-2D42-403D-8004-3BE47157EB3C}.Release|Any CPU.Build.0 = Release|Any CPU
		{B10B6009-F2B1-4298-9E4E-CDD065BC2E83}.Debug|Any CPU.ActiveCfg = Debug|Any CPU
		{B10B6009-F2B1-4298-9E4E-CDD065BC2E83}.Debug|Any CPU.Build.0 = Debug|Any CPU
		{B10B6009-F2B1-4298-9E4E-CDD065BC2E83}.Release|Any CPU.ActiveCfg = Release|Any CPU
		{B10B6009-F2B1-4298-9E4E-CDD065BC2E83}.Release|Any CPU.Build.0 = Release|Any CPU
		{0004FFF0-B491-41AB-8CFE-4D37CA6FB547}.Debug|Any CPU.ActiveCfg = Debug|Any CPU
		{0004FFF0-B491-41AB-8CFE-4D37CA6FB547}.Debug|Any CPU.Build.0 = Debug|Any CPU
		{0004FFF0-B491-41AB-8CFE-4D37CA6FB547}.Release|Any CPU.ActiveCfg = Release|Any CPU
		{0004FFF0-B491-41AB-8CFE-4D37CA6FB547}.Release|Any CPU.Build.0 = Release|Any CPU
		{D1FFB1A0-C5C3-408C-8C45-14E321096FD0}.Debug|Any CPU.ActiveCfg = Debug|Any CPU
		{D1FFB1A0-C5C3-408C-8C45-14E321096FD0}.Debug|Any CPU.Build.0 = Debug|Any CPU
		{D1FFB1A0-C5C3-408C-8C45-14E321096FD0}.Release|Any CPU.ActiveCfg = Release|Any CPU
		{D1FFB1A0-C5C3-408C-8C45-14E321096FD0}.Release|Any CPU.Build.0 = Release|Any CPU
	EndGlobalSection
	GlobalSection(SolutionProperties) = preSolution
		HideSolutionNode = FALSE
	EndGlobalSection
	GlobalSection(ExtensibilityGlobals) = postSolution
		SolutionGuid = {6C4293F3-51F3-4363-B701-2B4E2A9C625E}
	EndGlobalSection
EndGlobal
